
Microsoft Visual Studio Solution File, Format Version 12.00
# Visual Studio Version 16
VisualStudioVersion = 16.0.29613.14
MinimumVisualStudioVersion = 10.0.40219.1
Project("{9A19103F-16F7-4668-BE54-9A1E7A4F7556}") = "WPFProjectBase", "WPFProjectBase\WPFProjectBase.csproj", "{AD5B03B8-D0DF-4938-8AA1-55B01049C4EE}"
EndProject
Project("{9A19103F-16F7-4668-BE54-9A1E7A4F7556}") = "ProjectCommon", "ProjectCommon\ProjectCommon.csproj", "{7259565E-F4F0-40C6-93EB-F6F3A4ADCDB5}"
EndProject
Project("{FAE04EC0-301F-11D3-BF4B-00C04F79EFBC}") = "ModernUI", "ModernUI\ModernUI.csproj", "{EA913EAF-CD4B-4910-B6CE-DBCF6B0FFF77}"
EndProject
Global
	GlobalSection(SolutionConfigurationPlatforms) = preSolution
		Debug|Any CPU = Debug|Any CPU
		Release|Any CPU = Release|Any CPU
	EndGlobalSection
	GlobalSection(ProjectConfigurationPlatforms) = postSolution
		{AD5B03B8-D0DF-4938-8AA1-55B01049C4EE}.Debug|Any CPU.ActiveCfg = Debug|Any CPU
		{AD5B03B8-D0DF-4938-8AA1-55B01049C4EE}.Debug|Any CPU.Build.0 = Debug|Any CPU
		{AD5B03B8-D0DF-4938-8AA1-55B01049C4EE}.Release|Any CPU.ActiveCfg = Release|Any CPU
		{AD5B03B8-D0DF-4938-8AA1-55B01049C4EE}.Release|Any CPU.Build.0 = Release|Any CPU
		{7259565E-F4F0-40C6-93EB-F6F3A4ADCDB5}.Debug|Any CPU.ActiveCfg = Debug|Any CPU
		{7259565E-F4F0-40C6-93EB-F6F3A4ADCDB5}.Debug|Any CPU.Build.0 = Debug|Any CPU
		{7259565E-F4F0-40C6-93EB-F6F3A4ADCDB5}.Release|Any CPU.ActiveCfg = Release|Any CPU
		{7259565E-F4F0-40C6-93EB-F6F3A4ADCDB5}.Release|Any CPU.Build.0 = Release|Any CPU
		{EA913EAF-CD4B-4910-B6CE-DBCF6B0FFF77}.Debug|Any CPU.ActiveCfg = Debug|Any CPU
		{EA913EAF-CD4B-4910-B6CE-DBCF6B0FFF77}.Debug|Any CPU.Build.0 = Debug|Any CPU
		{EA913EAF-CD4B-4910-B6CE-DBCF6B0FFF77}.Release|Any CPU.ActiveCfg = Release|Any CPU
		{EA913EAF-CD4B-4910-B6CE-DBCF6B0FFF77}.Release|Any CPU.Build.0 = Release|Any CPU
	EndGlobalSection
	GlobalSection(SolutionProperties) = preSolution
		HideSolutionNode = FALSE
	EndGlobalSection
	GlobalSection(ExtensibilityGlobals) = postSolution
		SolutionGuid = {7DF0AF8A-0A75-4F2F-96D7-CC480E9F3402}
	EndGlobalSection
EndGlobal
